<?xml version="1.0" encoding="utf-8"?>
<Project ToolsVersion="4.0" xmlns="http://schemas.microsoft.com/developer/msbuild/2003">
  <ItemGroup>
    <Filter Include="Source Files">
      <UniqueIdentifier>{4FC737F1-C7A5-4376-A066-2A32D752A2FF}</UniqueIdentifier>
      <Extensions>cpp;c;cc;cxx;def;odl;idl;hpj;bat;asm;asmx</Extensions>
    </Filter>
    <Filter Include="Header Files">
      <UniqueIdentifier>{93995380-89BD-4b04-88EB-625FBE52EBFB}</UniqueIdentifier>
      <Extensions>h;hh;hpp;hxx;hm;inl;inc;ipp;xsd</Extensions>
    </Filter>
    <Filter Include="Resource Files">
      <UniqueIdentifier>{67DA6AB6-F800-4c08-8B7A-83BB121AAD01}</UniqueIdentifier>
      <Extensions>rc;ico;cur;bmp;dlg;rc2;rct;bin;rgs;gif;jpg;jpeg;jpe;resx;tiff;tif;png;wav;mfcribbon-ms</Extensions>
    </Filter>
    <Filter Include="Header Files\Game">
      <UniqueIdentifier>{d45c56b4-ab7f-4ecc-8d28-6886a2e3bf0b}</UniqueIdentifier>
    </Filter>
    <Filter Include="Header Files\Vizualizator">
      <UniqueIdentifier>{bf953fc9-f52b-4a94-b4c1-db3d24aa460b}</UniqueIdentifier>
    </Filter>
    <Filter Include="Header Files\Game\Objects">
      <UniqueIdentifier>{30a67017-4f92-4b51-bf35-0cdd03e2ad35}</UniqueIdentifier>
    </Filter>
  </ItemGroup>
  <ItemGroup>
    <ClCompile Include="Source.cpp">
      <Filter>Source Files</Filter>
    </ClCompile>
    <ClCompile Include="Source1.cpp">
      <Filter>Source Files</Filter>
    </ClCompile>
  </ItemGroup>
  <ItemGroup>
    <ClInclude Include="game_logic.h">
      <Filter>Header Files\Game</Filter>
    </ClInclude>
    <ClInclude Include="camera.h">
      <Filter>Header Files\Vizualizator</Filter>
    </ClInclude>
    <ClInclude Include="glengine.h">
      <Filter>Header Files\Vizualizator</Filter>
    </ClInclude>
    <ClInclude Include="box.h">
      <Filter>Header Files\Game\Objects</Filter>
    </ClInclude>
    <ClInclude Include="primitive_object.h">
      <Filter>Header Files\Game\Objects</Filter>
    </ClInclude>
    <ClInclude Include="light.h">
      <Filter>Header Files\Vizualizator</Filter>
    </ClInclude>
    <ClInclude Include="shader.h">
      <Filter>Header Files\Vizualizator</Filter>
    </ClInclude>
  </ItemGroup>
  <ItemGroup>
    <None Include="shaders\fragment_triangle.frag" />
    <None Include="shaders\Light.frag" />
    <None Include="shaders\Light.vs" />
    <None Include="shaders\shader_triangle.vs" />
    <None Include="shaders\light_box.frag" />
    <None Include="shaders\light_box.vs" />
  </ItemGroup>
</Project>